
Microsoft Visual Studio Solution File, Format Version 12.00
# Visual Studio Version 16
VisualStudioVersion = 16.0.30011.22
MinimumVisualStudioVersion = 10.0.40219.1
Project("{9A19103F-16F7-4668-BE54-9A1E7A4F7556}") = "WebAPI", "WebAPI\WebAPI.csproj", "{CDA344A0-E84F-47C0-80BF-A4716A861DAB}"
EndProject
Project("{2150E333-8FDC-42A3-9474-1A3956D46DE8}") = "DAL", "DAL", "{E3838E15-3460-4333-BB5A-04871A152446}"
EndProject
Project("{9A19103F-16F7-4668-BE54-9A1E7A4F7556}") = "DAL.Data", "DAL.Data\DAL.Data.csproj", "{A8753DE7-F553-4049-821D-E2849EE5D793}"
EndProject
Project("{2150E333-8FDC-42A3-9474-1A3956D46DE8}") = "BLL", "BLL", "{D28027F1-50FF-42BF-A9F7-85714965E3F2}"
EndProject
Project("{9A19103F-16F7-4668-BE54-9A1E7A4F7556}") = "DAL.Core", "DAL.Core\DAL.Core.csproj", "{9C466B0B-C2D2-4F10-A9B3-E34CEE17C2E2}"
EndProject
Project("{9A19103F-16F7-4668-BE54-9A1E7A4F7556}") = "BLL.Contracts", "BLL.Contracts\BLL.Contracts.csproj", "{DA96335F-D45F-4A13-BB9F-000F0187D12A}"
EndProject
Project("{9A19103F-16F7-4668-BE54-9A1E7A4F7556}") = "BLL.Implementations", "BLL.Implementations\BLL.Implementations.csproj", "{EE42E784-A968-4EFA-A62E-7EE54241A9B9}"
EndProject
Project("{9A19103F-16F7-4668-BE54-9A1E7A4F7556}") = "DAL.Contracts", "DAL.Contracts\DAL.Contracts.csproj", "{82FEC252-A861-4CD0-A6BF-0F69646F59BF}"
EndProject
Project("{9A19103F-16F7-4668-BE54-9A1E7A4F7556}") = "DAL.Implementations", "DAL.Implementations\DAL.Implementations.csproj", "{F757CECC-2A36-4D1A-9CCF-8CD271F5B4D3}"
EndProject
Project("{2150E333-8FDC-42A3-9474-1A3956D46DE8}") = "Infrastructure", "Infrastructure", "{C90EEDA4-C81F-4509-B28C-4F91978CE410}"
EndProject
Project("{9A19103F-16F7-4668-BE54-9A1E7A4F7556}") = "DI", "DI\DI.csproj", "{C53E8784-ECD5-4149-BF37-631EAA7EA14A}"
EndProject
Project("{2150E333-8FDC-42A3-9474-1A3956D46DE8}") = "Common", "Common", "{079E81C6-AD5D-4108-BE3C-B629CC40B0DB}"
EndProject
Project("{FAE04EC0-301F-11D3-BF4B-00C04F79EFBC}") = "Contracts", "Contracts\Contracts.csproj", "{92C4A80D-64C9-46EE-A773-64C6398E8213}"
EndProject
Global
	GlobalSection(SolutionConfigurationPlatforms) = preSolution
		Debug|Any CPU = Debug|Any CPU
		Release|Any CPU = Release|Any CPU
	EndGlobalSection
	GlobalSection(ProjectConfigurationPlatforms) = postSolution
		{CDA344A0-E84F-47C0-80BF-A4716A861DAB}.Debug|Any CPU.ActiveCfg = Debug|Any CPU
		{CDA344A0-E84F-47C0-80BF-A4716A861DAB}.Debug|Any CPU.Build.0 = Debug|Any CPU
		{CDA344A0-E84F-47C0-80BF-A4716A861DAB}.Release|Any CPU.ActiveCfg = Release|Any CPU
		{CDA344A0-E84F-47C0-80BF-A4716A861DAB}.Release|Any CPU.Build.0 = Release|Any CPU
		{A8753DE7-F553-4049-821D-E2849EE5D793}.Debug|Any CPU.ActiveCfg = Debug|Any CPU
		{A8753DE7-F553-4049-821D-E2849EE5D793}.Debug|Any CPU.Build.0 = Debug|Any CPU
		{A8753DE7-F553-4049-821D-E2849EE5D793}.Release|Any CPU.ActiveCfg = Release|Any CPU
		{A8753DE7-F553-4049-821D-E2849EE5D793}.Release|Any CPU.Build.0 = Release|Any CPU
		{9C466B0B-C2D2-4F10-A9B3-E34CEE17C2E2}.Debug|Any CPU.ActiveCfg = Debug|Any CPU
		{9C466B0B-C2D2-4F10-A9B3-E34CEE17C2E2}.Debug|Any CPU.Build.0 = Debug|Any CPU
		{9C466B0B-C2D2-4F10-A9B3-E34CEE17C2E2}.Release|Any CPU.ActiveCfg = Release|Any CPU
		{9C466B0B-C2D2-4F10-A9B3-E34CEE17C2E2}.Release|Any CPU.Build.0 = Release|Any CPU
		{DA96335F-D45F-4A13-BB9F-000F0187D12A}.Debug|Any CPU.ActiveCfg = Debug|Any CPU
		{DA96335F-D45F-4A13-BB9F-000F0187D12A}.Debug|Any CPU.Build.0 = Debug|Any CPU
		{DA96335F-D45F-4A13-BB9F-000F0187D12A}.Release|Any CPU.ActiveCfg = Release|Any CPU
		{DA96335F-D45F-4A13-BB9F-000F0187D12A}.Release|Any CPU.Build.0 = Release|Any CPU
		{EE42E784-A968-4EFA-A62E-7EE54241A9B9}.Debug|Any CPU.ActiveCfg = Debug|Any CPU
		{EE42E784-A968-4EFA-A62E-7EE54241A9B9}.Debug|Any CPU.Build.0 = Debug|Any CPU
		{EE42E784-A968-4EFA-A62E-7EE54241A9B9}.Release|Any CPU.ActiveCfg = Release|Any CPU
		{EE42E784-A968-4EFA-A62E-7EE54241A9B9}.Release|Any CPU.Build.0 = Release|Any CPU
		{82FEC252-A861-4CD0-A6BF-0F69646F59BF}.Debug|Any CPU.ActiveCfg = Debug|Any CPU
		{82FEC252-A861-4CD0-A6BF-0F69646F59BF}.Debug|Any CPU.Build.0 = Debug|Any CPU
		{82FEC252-A861-4CD0-A6BF-0F69646F59BF}.Release|Any CPU.ActiveCfg = Release|Any CPU
		{82FEC252-A861-4CD0-A6BF-0F69646F59BF}.Release|Any CPU.Build.0 = Release|Any CPU
		{F757CECC-2A36-4D1A-9CCF-8CD271F5B4D3}.Debug|Any CPU.ActiveCfg = Debug|Any CPU
		{F757CECC-2A36-4D1A-9CCF-8CD271F5B4D3}.Debug|Any CPU.Build.0 = Debug|Any CPU
		{F757CECC-2A36-4D1A-9CCF-8CD271F5B4D3}.Release|Any CPU.ActiveCfg = Release|Any CPU
		{F757CECC-2A36-4D1A-9CCF-8CD271F5B4D3}.Release|Any CPU.Build.0 = Release|Any CPU
		{C53E8784-ECD5-4149-BF37-631EAA7EA14A}.Debug|Any CPU.ActiveCfg = Debug|Any CPU
		{C53E8784-ECD5-4149-BF37-631EAA7EA14A}.Debug|Any CPU.Build.0 = Debug|Any CPU
		{C53E8784-ECD5-4149-BF37-631EAA7EA14A}.Release|Any CPU.ActiveCfg = Release|Any CPU
		{C53E8784-ECD5-4149-BF37-631EAA7EA14A}.Release|Any CPU.Build.0 = Release|Any CPU
		{92C4A80D-64C9-46EE-A773-64C6398E8213}.Debug|Any CPU.ActiveCfg = Debug|Any CPU
		{92C4A80D-64C9-46EE-A773-64C6398E8213}.Debug|Any CPU.Build.0 = Debug|Any CPU
		{92C4A80D-64C9-46EE-A773-64C6398E8213}.Release|Any CPU.ActiveCfg = Release|Any CPU
		{92C4A80D-64C9-46EE-A773-64C6398E8213}.Release|Any CPU.Build.0 = Release|Any CPU
	EndGlobalSection
	GlobalSection(SolutionProperties) = preSolution
		HideSolutionNode = FALSE
	EndGlobalSection
	GlobalSection(NestedProjects) = preSolution
		{A8753DE7-F553-4049-821D-E2849EE5D793} = {E3838E15-3460-4333-BB5A-04871A152446}
		{9C466B0B-C2D2-4F10-A9B3-E34CEE17C2E2} = {E3838E15-3460-4333-BB5A-04871A152446}
		{DA96335F-D45F-4A13-BB9F-000F0187D12A} = {D28027F1-50FF-42BF-A9F7-85714965E3F2}
		{EE42E784-A968-4EFA-A62E-7EE54241A9B9} = {D28027F1-50FF-42BF-A9F7-85714965E3F2}
		{82FEC252-A861-4CD0-A6BF-0F69646F59BF} = {E3838E15-3460-4333-BB5A-04871A152446}
		{F757CECC-2A36-4D1A-9CCF-8CD271F5B4D3} = {E3838E15-3460-4333-BB5A-04871A152446}
		{C53E8784-ECD5-4149-BF37-631EAA7EA14A} = {C90EEDA4-C81F-4509-B28C-4F91978CE410}
		{92C4A80D-64C9-46EE-A773-64C6398E8213} = {079E81C6-AD5D-4108-BE3C-B629CC40B0DB}
	EndGlobalSection
	GlobalSection(ExtensibilityGlobals) = postSolution
		SolutionGuid = {DD26FE91-9F0E-404D-A846-FA6E0EBF6663}
	EndGlobalSection
EndGlobal
